
Microsoft Visual Studio Solution File, Format Version 12.00
# Visual Studio Version 16
VisualStudioVersion = 16.0.31515.178
MinimumVisualStudioVersion = 10.0.40219.1
Project("{9A19103F-16F7-4668-BE54-9A1E7A4F7556}") = "studentmanagement1", "studentmanagement1\studentmanagement1.csproj", "{FEAE2090-8DF1-4535-A39F-F5A26720897F}"
EndProject
Project("{9A19103F-16F7-4668-BE54-9A1E7A4F7556}") = "Entity", "StudentEntity1\Entity.csproj", "{428A6C15-AB25-4819-A475-1C8CDA55E158}"
EndProject
Project("{9A19103F-16F7-4668-BE54-9A1E7A4F7556}") = "Businesslogic", "Businesslogic\Businesslogic.csproj", "{D452F30E-817F-4586-BADC-8B0C057C71D9}"
EndProject
Project("{FAE04EC0-301F-11D3-BF4B-00C04F79EFBC}") = "DataAccess", "DataAccess\DataAccess.csproj", "{FBBA5348-50F9-45D6-A12B-ECA32F9208FF}"
EndProject
Project("{FAE04EC0-301F-11D3-BF4B-00C04F79EFBC}") = "unitTesting", "unitTesting\unitTesting.csproj", "{61C3224D-F210-49B4-89E5-A696D80C77E3}"
EndProject
Global
	GlobalSection(SolutionConfigurationPlatforms) = preSolution
		Debug|Any CPU = Debug|Any CPU
		Release|Any CPU = Release|Any CPU
	EndGlobalSection
	GlobalSection(ProjectConfigurationPlatforms) = postSolution
		{FEAE2090-8DF1-4535-A39F-F5A26720897F}.Debug|Any CPU.ActiveCfg = Debug|Any CPU
		{FEAE2090-8DF1-4535-A39F-F5A26720897F}.Debug|Any CPU.Build.0 = Debug|Any CPU
		{FEAE2090-8DF1-4535-A39F-F5A26720897F}.Release|Any CPU.ActiveCfg = Release|Any CPU
		{FEAE2090-8DF1-4535-A39F-F5A26720897F}.Release|Any CPU.Build.0 = Release|Any CPU
		{428A6C15-AB25-4819-A475-1C8CDA55E158}.Debug|Any CPU.ActiveCfg = Debug|Any CPU
		{428A6C15-AB25-4819-A475-1C8CDA55E158}.Debug|Any CPU.Build.0 = Debug|Any CPU
		{428A6C15-AB25-4819-A475-1C8CDA55E158}.Release|Any CPU.ActiveCfg = Release|Any CPU
		{428A6C15-AB25-4819-A475-1C8CDA55E158}.Release|Any CPU.Build.0 = Release|Any CPU
		{D452F30E-817F-4586-BADC-8B0C057C71D9}.Debug|Any CPU.ActiveCfg = Debug|Any CPU
		{D452F30E-817F-4586-BADC-8B0C057C71D9}.Debug|Any CPU.Build.0 = Debug|Any CPU
		{D452F30E-817F-4586-BADC-8B0C057C71D9}.Release|Any CPU.ActiveCfg = Release|Any CPU
		{D452F30E-817F-4586-BADC-8B0C057C71D9}.Release|Any CPU.Build.0 = Release|Any CPU
		{FBBA5348-50F9-45D6-A12B-ECA32F9208FF}.Debug|Any CPU.ActiveCfg = Debug|Any CPU
		{FBBA5348-50F9-45D6-A12B-ECA32F9208FF}.Debug|Any CPU.Build.0 = Debug|Any CPU
		{FBBA5348-50F9-45D6-A12B-ECA32F9208FF}.Release|Any CPU.ActiveCfg = Release|Any CPU
		{FBBA5348-50F9-45D6-A12B-ECA32F9208FF}.Release|Any CPU.Build.0 = Release|Any CPU
		{61C3224D-F210-49B4-89E5-A696D80C77E3}.Debug|Any CPU.ActiveCfg = Debug|Any CPU
		{61C3224D-F210-49B4-89E5-A696D80C77E3}.Debug|Any CPU.Build.0 = Debug|Any CPU
		{61C3224D-F210-49B4-89E5-A696D80C77E3}.Release|Any CPU.ActiveCfg = Release|Any CPU
		{61C3224D-F210-49B4-89E5-A696D80C77E3}.Release|Any CPU.Build.0 = Release|Any CPU
	EndGlobalSection
	GlobalSection(SolutionProperties) = preSolution
		HideSolutionNode = FALSE
	EndGlobalSection
	GlobalSection(ExtensibilityGlobals) = postSolution
		SolutionGuid = {A86E7B9C-5AB2-4871-925C-EF7C20FE9B8F}
	EndGlobalSection
EndGlobal
